
Microsoft Visual Studio Solution File, Format Version 12.00
# Visual Studio Version 16
VisualStudioVersion = 16.0.33927.289
MinimumVisualStudioVersion = 10.0.40219.1
Project("{2150E333-8FDC-42A3-9474-1A3956D46DE8}") = "Task0", "Task0", "{D05ECFA6-78C8-437A-9208-40ACD183F96F}"
EndProject
Project("{FAE04EC0-301F-11D3-BF4B-00C04F79EFBC}") = "Tyuiu.RedikultsevaAA.Sprint1.Task0.V13", "Tyuiu.RedikultsevaAA.Sprint1.V13\Tyuiu.RedikultsevaAA.Sprint1.Task0.V13.csproj", "{C58A5590-900B-4D5C-AEC0-5294F7CAA152}"
EndProject
Project("{FAE04EC0-301F-11D3-BF4B-00C04F79EFBC}") = "Tyuiu.RedikultsevaAA.Sprint1.Task0.V13.Lib", "Tyuiu.RedikultsevaAA.Sprint1.V13.Lib\Tyuiu.RedikultsevaAA.Sprint1.Task0.V13.Lib.csproj", "{20C9B951-A6CC-4FCD-B58E-3C3003D84ECA}"
EndProject
Project("{FAE04EC0-301F-11D3-BF4B-00C04F79EFBC}") = "Tyuiu.RedikultsevaAA.Sprint1.Task0.V13.Test", "Tyuiu.RedikultsevaAA.Sprint1.V13.Test\Tyuiu.RedikultsevaAA.Sprint1.Task0.V13.Test.csproj", "{5C523AA6-8D7A-482E-99A9-96C892ECFEAF}"
EndProject
Project("{2150E333-8FDC-42A3-9474-1A3956D46DE8}") = "Task1", "Task1", "{C16F7F6A-C6C9-4CB6-946F-AB77DE6EF8C0}"
EndProject
Project("{FAE04EC0-301F-11D3-BF4B-00C04F79EFBC}") = "Tyuiu.RedikultsevaAA.Sprint1.Task1.V1", "Tyuiu.RedikultsevaAA.Sprint1.Task1.V1\Tyuiu.RedikultsevaAA.Sprint1.Task1.V1.csproj", "{ED882A1F-0DB6-4328-BD82-FEDB1C97F31D}"
EndProject
Project("{FAE04EC0-301F-11D3-BF4B-00C04F79EFBC}") = "Tyuiu.RedikultsevaAA.Sprint1.Task1.V1.Test", "Tyuiu.RedikultsevaAA.Sprint1.Task1.V1.Test\Tyuiu.RedikultsevaAA.Sprint1.Task1.V1.Test.csproj", "{AC011522-2AFC-4487-8D12-0F5DA98301AD}"
EndProject
Project("{FAE04EC0-301F-11D3-BF4B-00C04F79EFBC}") = "Tyuiu.RedikultsevaAA.Sprint1.Task1.V1.Lib", "Tyuiu.RedikultsevaAA.Sprint1.Task1.V1.Lib\Tyuiu.RedikultsevaAA.Sprint1.Task1.V1.Lib.csproj", "{066BC257-3725-4DC2-8C51-D6F937CFDACE}"
EndProject
Project("{2150E333-8FDC-42A3-9474-1A3956D46DE8}") = "Task2", "Task2", "{6198EB55-F290-49E3-97E9-D8900686DBBB}"
EndProject
Project("{FAE04EC0-301F-11D3-BF4B-00C04F79EFBC}") = "Tyuiu.RedikultsevaAA.Sprint1.Task2.V13", "Tyuiu.RedikultsevaAA.Sprint1.Task2.V13\Tyuiu.RedikultsevaAA.Sprint1.Task2.V13.csproj", "{038C8E22-228C-4BA9-87DD-F559B1ACD952}"
EndProject
Project("{FAE04EC0-301F-11D3-BF4B-00C04F79EFBC}") = "Tyuiu.RedikultsevaAA.Sprint1.Task2.V13.Lib", "Tyuiu.RedikultsevaAA.Sprint1.Task2.V13.Lib\Tyuiu.RedikultsevaAA.Sprint1.Task2.V13.Lib.csproj", "{B3E06BA6-6E77-4584-9ADC-963F5BF9B346}"
EndProject
Project("{FAE04EC0-301F-11D3-BF4B-00C04F79EFBC}") = "Tyuiu.RedikultsevaAA.Sprint1.Task2.V13.Test", "Tyuiu.RedikultsevaAA.Sprint1.Task2.V13.Test\Tyuiu.RedikultsevaAA.Sprint1.Task2.V13.Test.csproj", "{A4AEBDF0-CFA1-4817-B8EF-7818A433DA57}"
EndProject
Project("{2150E333-8FDC-42A3-9474-1A3956D46DE8}") = "Task3", "Task3", "{4D02D727-7784-4216-8271-828A67DF74A8}"
EndProject
Project("{FAE04EC0-301F-11D3-BF4B-00C04F79EFBC}") = "Tyuiu.RedikultsevaAA.Sprint1.Task3.V3", "Tyuiu.RedikultsevaAA.Sprint1.Task3.V3\Tyuiu.RedikultsevaAA.Sprint1.Task3.V3.csproj", "{EC3156ED-0A55-4A8D-939A-711D975A8E12}"
EndProject
Project("{FAE04EC0-301F-11D3-BF4B-00C04F79EFBC}") = "Tyuiu.RedikultsevaAA.Sprint1.Task3.V3.Test", "Tyuiu.RedikultsevaAA.Sprint1.Task3.V3.Test\Tyuiu.RedikultsevaAA.Sprint1.Task3.V3.Test.csproj", "{A1695675-FE8F-47A8-B367-63E2674BC8FE}"
EndProject
Project("{FAE04EC0-301F-11D3-BF4B-00C04F79EFBC}") = "Tyuiu.RedikultsevaAA.Sprint1.Task3.V3.Lib", "Tyuiu.RedikultsevaAA.Sprint1.Task3.V3.Lib\Tyuiu.RedikultsevaAA.Sprint1.Task3.V3.Lib.csproj", "{EBC8B2BE-360B-443A-BAEB-7C6EFEB6E654}"
EndProject
Project("{2150E333-8FDC-42A3-9474-1A3956D46DE8}") = "Task4", "Task4", "{5E979EED-A3F5-47D0-9834-CC73BDDF2568}"
EndProject
Project("{FAE04EC0-301F-11D3-BF4B-00C04F79EFBC}") = "Tyuiu.RedikultsevaAA.Sprint1.Task4.V6", "Tyuiu.RedikultsevaAA.Sprint1.Task4.V6\Tyuiu.RedikultsevaAA.Sprint1.Task4.V6.csproj", "{61BFCB1C-7542-4E1F-B13C-4E8F16A9DEF0}"
EndProject
Project("{FAE04EC0-301F-11D3-BF4B-00C04F79EFBC}") = "Tyuiu.RedikultsevaAA.Sprint1.Task4.V6.Lib", "Tyuiu.RedikultsevaAA.Sprint1.Task4.V6.Lib\Tyuiu.RedikultsevaAA.Sprint1.Task4.V6.Lib.csproj", "{E617AAAA-8E5F-471C-83B0-68A1F692DD81}"
EndProject
Project("{FAE04EC0-301F-11D3-BF4B-00C04F79EFBC}") = "Tyuiu.RedikultsevaAA.Sprint1.Task4.V6.Test", "Tyuiu.RedikultsevaAA.Sprint1.Task4.V6.Test\Tyuiu.RedikultsevaAA.Sprint1.Task4.V6.Test.csproj", "{D9A60E66-6411-4EF8-AE8B-8FAFDBE4FF04}"
EndProject
Project("{2150E333-8FDC-42A3-9474-1A3956D46DE8}") = "Task5", "Task5", "{2AFF51CD-FF82-4C4E-A12A-7EDAA190AF6A}"
EndProject
Project("{FAE04EC0-301F-11D3-BF4B-00C04F79EFBC}") = "Tyuiu.RedikultsevaAA.Sprint1.Task5.V1", "Tyuiu.RedikultsevaAA.Sprint1.Task5.V1\Tyuiu.RedikultsevaAA.Sprint1.Task5.V1.csproj", "{9A527C85-5B1B-4F85-BDB0-7E64FE54B321}"
EndProject
Project("{FAE04EC0-301F-11D3-BF4B-00C04F79EFBC}") = "Tyuiu.RedikultsevaAA.Sprint1.Task5.V1.Test", "Tyuiu.RedikultsevaAA.Sprint1.Task5.V1.Test\Tyuiu.RedikultsevaAA.Sprint1.Task5.V1.Test.csproj", "{39294A7D-E5D6-4669-8FD9-7182794589B7}"
EndProject
Project("{FAE04EC0-301F-11D3-BF4B-00C04F79EFBC}") = "Tyuiu.RedikultsevaAA.Sprint1.Task5.V1.Lib", "Tyuiu.RedikultsevaAA.Sprint1.Task5.V1.Lib\Tyuiu.RedikultsevaAA.Sprint1.Task5.V1.Lib.csproj", "{091DFE7B-DE44-4E75-89C5-FBA2B602A8A1}"
EndProject
Global
	GlobalSection(SolutionConfigurationPlatforms) = preSolution
		Debug|Any CPU = Debug|Any CPU
		Release|Any CPU = Release|Any CPU
	EndGlobalSection
	GlobalSection(ProjectConfigurationPlatforms) = postSolution
		{C58A5590-900B-4D5C-AEC0-5294F7CAA152}.Debug|Any CPU.ActiveCfg = Debug|Any CPU
		{C58A5590-900B-4D5C-AEC0-5294F7CAA152}.Debug|Any CPU.Build.0 = Debug|Any CPU
		{C58A5590-900B-4D5C-AEC0-5294F7CAA152}.Release|Any CPU.ActiveCfg = Release|Any CPU
		{C58A5590-900B-4D5C-AEC0-5294F7CAA152}.Release|Any CPU.Build.0 = Release|Any CPU
		{20C9B951-A6CC-4FCD-B58E-3C3003D84ECA}.Debug|Any CPU.ActiveCfg = Debug|Any CPU
		{20C9B951-A6CC-4FCD-B58E-3C3003D84ECA}.Debug|Any CPU.Build.0 = Debug|Any CPU
		{20C9B951-A6CC-4FCD-B58E-3C3003D84ECA}.Release|Any CPU.ActiveCfg = Release|Any CPU
		{20C9B951-A6CC-4FCD-B58E-3C3003D84ECA}.Release|Any CPU.Build.0 = Release|Any CPU
		{5C523AA6-8D7A-482E-99A9-96C892ECFEAF}.Debug|Any CPU.ActiveCfg = Debug|Any CPU
		{5C523AA6-8D7A-482E-99A9-96C892ECFEAF}.Debug|Any CPU.Build.0 = Debug|Any CPU
		{5C523AA6-8D7A-482E-99A9-96C892ECFEAF}.Release|Any CPU.ActiveCfg = Release|Any CPU
		{5C523AA6-8D7A-482E-99A9-96C892ECFEAF}.Release|Any CPU.Build.0 = Release|Any CPU
		{ED882A1F-0DB6-4328-BD82-FEDB1C97F31D}.Debug|Any CPU.ActiveCfg = Debug|Any CPU
		{ED882A1F-0DB6-4328-BD82-FEDB1C97F31D}.Debug|Any CPU.Build.0 = Debug|Any CPU
		{ED882A1F-0DB6-4328-BD82-FEDB1C97F31D}.Release|Any CPU.ActiveCfg = Release|Any CPU
		{ED882A1F-0DB6-4328-BD82-FEDB1C97F31D}.Release|Any CPU.Build.0 = Release|Any CPU
		{AC011522-2AFC-4487-8D12-0F5DA98301AD}.Debug|Any CPU.ActiveCfg = Debug|Any CPU
		{AC011522-2AFC-4487-8D12-0F5DA98301AD}.Debug|Any CPU.Build.0 = Debug|Any CPU
		{AC011522-2AFC-4487-8D12-0F5DA98301AD}.Release|Any CPU.ActiveCfg = Release|Any CPU
		{AC011522-2AFC-4487-8D12-0F5DA98301AD}.Release|Any CPU.Build.0 = Release|Any CPU
		{066BC257-3725-4DC2-8C51-D6F937CFDACE}.Debug|Any CPU.ActiveCfg = Debug|Any CPU
		{066BC257-3725-4DC2-8C51-D6F937CFDACE}.Debug|Any CPU.Build.0 = Debug|Any CPU
		{066BC257-3725-4DC2-8C51-D6F937CFDACE}.Release|Any CPU.ActiveCfg = Release|Any CPU
		{066BC257-3725-4DC2-8C51-D6F937CFDACE}.Release|Any CPU.Build.0 = Release|Any CPU
		{038C8E22-228C-4BA9-87DD-F559B1ACD952}.Debug|Any CPU.ActiveCfg = Debug|Any CPU
		{038C8E22-228C-4BA9-87DD-F559B1ACD952}.Debug|Any CPU.Build.0 = Debug|Any CPU
		{038C8E22-228C-4BA9-87DD-F559B1ACD952}.Release|Any CPU.ActiveCfg = Release|Any CPU
		{038C8E22-228C-4BA9-87DD-F559B1ACD952}.Release|Any CPU.Build.0 = Release|Any CPU
		{B3E06BA6-6E77-4584-9ADC-963F5BF9B346}.Debug|Any CPU.ActiveCfg = Debug|Any CPU
		{B3E06BA6-6E77-4584-9ADC-963F5BF9B346}.Debug|Any CPU.Build.0 = Debug|Any CPU
		{B3E06BA6-6E77-4584-9ADC-963F5BF9B346}.Release|Any CPU.ActiveCfg = Release|Any CPU
		{B3E06BA6-6E77-4584-9ADC-963F5BF9B346}.Release|Any CPU.Build.0 = Release|Any CPU
		{A4AEBDF0-CFA1-4817-B8EF-7818A433DA57}.Debug|Any CPU.ActiveCfg = Debug|Any CPU
		{A4AEBDF0-CFA1-4817-B8EF-7818A433DA57}.Debug|Any CPU.Build.0 = Debug|Any CPU
		{A4AEBDF0-CFA1-4817-B8EF-7818A433DA57}.Release|Any CPU.ActiveCfg = Release|Any CPU
		{A4AEBDF0-CFA1-4817-B8EF-7818A433DA57}.Release|Any CPU.Build.0 = Release|Any CPU
		{EC3156ED-0A55-4A8D-939A-711D975A8E12}.Debug|Any CPU.ActiveCfg = Debug|Any CPU
		{EC3156ED-0A55-4A8D-939A-711D975A8E12}.Debug|Any CPU.Build.0 = Debug|Any CPU
		{EC3156ED-0A55-4A8D-939A-711D975A8E12}.Release|Any CPU.ActiveCfg = Release|Any CPU
		{EC3156ED-0A55-4A8D-939A-711D975A8E12}.Release|Any CPU.Build.0 = Release|Any CPU
		{A1695675-FE8F-47A8-B367-63E2674BC8FE}.Debug|Any CPU.ActiveCfg = Debug|Any CPU
		{A1695675-FE8F-47A8-B367-63E2674BC8FE}.Debug|Any CPU.Build.0 = Debug|Any CPU
		{A1695675-FE8F-47A8-B367-63E2674BC8FE}.Release|Any CPU.ActiveCfg = Release|Any CPU
		{A1695675-FE8F-47A8-B367-63E2674BC8FE}.Release|Any CPU.Build.0 = Release|Any CPU
		{EBC8B2BE-360B-443A-BAEB-7C6EFEB6E654}.Debug|Any CPU.ActiveCfg = Debug|Any CPU
		{EBC8B2BE-360B-443A-BAEB-7C6EFEB6E654}.Debug|Any CPU.Build.0 = Debug|Any CPU
		{EBC8B2BE-360B-443A-BAEB-7C6EFEB6E654}.Release|Any CPU.ActiveCfg = Release|Any CPU
		{EBC8B2BE-360B-443A-BAEB-7C6EFEB6E654}.Release|Any CPU.Build.0 = Release|Any CPU
		{61BFCB1C-7542-4E1F-B13C-4E8F16A9DEF0}.Debug|Any CPU.ActiveCfg = Debug|Any CPU
		{61BFCB1C-7542-4E1F-B13C-4E8F16A9DEF0}.Debug|Any CPU.Build.0 = Debug|Any CPU
		{61BFCB1C-7542-4E1F-B13C-4E8F16A9DEF0}.Release|Any CPU.ActiveCfg = Release|Any CPU
		{61BFCB1C-7542-4E1F-B13C-4E8F16A9DEF0}.Release|Any CPU.Build.0 = Release|Any CPU
		{E617AAAA-8E5F-471C-83B0-68A1F692DD81}.Debug|Any CPU.ActiveCfg = Debug|Any CPU
		{E617AAAA-8E5F-471C-83B0-68A1F692DD81}.Debug|Any CPU.Build.0 = Debug|Any CPU
		{E617AAAA-8E5F-471C-83B0-68A1F692DD81}.Release|Any CPU.ActiveCfg = Release|Any CPU
		{E617AAAA-8E5F-471C-83B0-68A1F692DD81}.Release|Any CPU.Build.0 = Release|Any CPU
		{D9A60E66-6411-4EF8-AE8B-8FAFDBE4FF04}.Debug|Any CPU.ActiveCfg = Debug|Any CPU
		{D9A60E66-6411-4EF8-AE8B-8FAFDBE4FF04}.Debug|Any CPU.Build.0 = Debug|Any CPU
		{D9A60E66-6411-4EF8-AE8B-8FAFDBE4FF04}.Release|Any CPU.ActiveCfg = Release|Any CPU
		{D9A60E66-6411-4EF8-AE8B-8FAFDBE4FF04}.Release|Any CPU.Build.0 = Release|Any CPU
		{9A527C85-5B1B-4F85-BDB0-7E64FE54B321}.Debug|Any CPU.ActiveCfg = Debug|Any CPU
		{9A527C85-5B1B-4F85-BDB0-7E64FE54B321}.Debug|Any CPU.Build.0 = Debug|Any CPU
		{9A527C85-5B1B-4F85-BDB0-7E64FE54B321}.Release|Any CPU.ActiveCfg = Release|Any CPU
		{9A527C85-5B1B-4F85-BDB0-7E64FE54B321}.Release|Any CPU.Build.0 = Release|Any CPU
		{39294A7D-E5D6-4669-8FD9-7182794589B7}.Debug|Any CPU.ActiveCfg = Debug|Any CPU
		{39294A7D-E5D6-4669-8FD9-7182794589B7}.Debug|Any CPU.Build.0 = Debug|Any CPU
		{39294A7D-E5D6-4669-8FD9-7182794589B7}.Release|Any CPU.ActiveCfg = Release|Any CPU
		{39294A7D-E5D6-4669-8FD9-7182794589B7}.Release|Any CPU.Build.0 = Release|Any CPU
		{091DFE7B-DE44-4E75-89C5-FBA2B602A8A1}.Debug|Any CPU.ActiveCfg = Debug|Any CPU
		{091DFE7B-DE44-4E75-89C5-FBA2B602A8A1}.Debug|Any CPU.Build.0 = Debug|Any CPU
		{091DFE7B-DE44-4E75-89C5-FBA2B602A8A1}.Release|Any CPU.ActiveCfg = Release|Any CPU
		{091DFE7B-DE44-4E75-89C5-FBA2B602A8A1}.Release|Any CPU.Build.0 = Release|Any CPU
	EndGlobalSection
	GlobalSection(SolutionProperties) = preSolution
		HideSolutionNode = FALSE
	EndGlobalSection
	GlobalSection(NestedProjects) = preSolution
		{C58A5590-900B-4D5C-AEC0-5294F7CAA152} = {D05ECFA6-78C8-437A-9208-40ACD183F96F}
		{20C9B951-A6CC-4FCD-B58E-3C3003D84ECA} = {D05ECFA6-78C8-437A-9208-40ACD183F96F}
		{5C523AA6-8D7A-482E-99A9-96C892ECFEAF} = {D05ECFA6-78C8-437A-9208-40ACD183F96F}
		{ED882A1F-0DB6-4328-BD82-FEDB1C97F31D} = {C16F7F6A-C6C9-4CB6-946F-AB77DE6EF8C0}
		{AC011522-2AFC-4487-8D12-0F5DA98301AD} = {C16F7F6A-C6C9-4CB6-946F-AB77DE6EF8C0}
		{066BC257-3725-4DC2-8C51-D6F937CFDACE} = {C16F7F6A-C6C9-4CB6-946F-AB77DE6EF8C0}
		{038C8E22-228C-4BA9-87DD-F559B1ACD952} = {6198EB55-F290-49E3-97E9-D8900686DBBB}
		{B3E06BA6-6E77-4584-9ADC-963F5BF9B346} = {6198EB55-F290-49E3-97E9-D8900686DBBB}
		{A4AEBDF0-CFA1-4817-B8EF-7818A433DA57} = {6198EB55-F290-49E3-97E9-D8900686DBBB}
		{EC3156ED-0A55-4A8D-939A-711D975A8E12} = {4D02D727-7784-4216-8271-828A67DF74A8}
		{A1695675-FE8F-47A8-B367-63E2674BC8FE} = {4D02D727-7784-4216-8271-828A67DF74A8}
		{EBC8B2BE-360B-443A-BAEB-7C6EFEB6E654} = {4D02D727-7784-4216-8271-828A67DF74A8}
		{61BFCB1C-7542-4E1F-B13C-4E8F16A9DEF0} = {5E979EED-A3F5-47D0-9834-CC73BDDF2568}
		{E617AAAA-8E5F-471C-83B0-68A1F692DD81} = {5E979EED-A3F5-47D0-9834-CC73BDDF2568}
		{D9A60E66-6411-4EF8-AE8B-8FAFDBE4FF04} = {5E979EED-A3F5-47D0-9834-CC73BDDF2568}
		{9A527C85-5B1B-4F85-BDB0-7E64FE54B321} = {2AFF51CD-FF82-4C4E-A12A-7EDAA190AF6A}
		{39294A7D-E5D6-4669-8FD9-7182794589B7} = {2AFF51CD-FF82-4C4E-A12A-7EDAA190AF6A}
		{091DFE7B-DE44-4E75-89C5-FBA2B602A8A1} = {2AFF51CD-FF82-4C4E-A12A-7EDAA190AF6A}
	EndGlobalSection
	GlobalSection(ExtensibilityGlobals) = postSolution
		SolutionGuid = {D5C796C4-1003-402A-B837-B1EB6421C1DD}
	EndGlobalSection
EndGlobal
