
Microsoft Visual Studio Solution File, Format Version 12.00
# Visual Studio Version 16
VisualStudioVersion = 16.0.33927.289
MinimumVisualStudioVersion = 10.0.40219.1
Project("{2150E333-8FDC-42A3-9474-1A3956D46DE8}") = "Task0", "Task0", "{D05ECFA6-78C8-437A-9208-40ACD183F96F}"
EndProject
Project("{FAE04EC0-301F-11D3-BF4B-00C04F79EFBC}") = "Tyuiu.RedikultsevaAA.Sprint1.V13", "Tyuiu.RedikultsevaAA.Sprint1.V13\Tyuiu.RedikultsevaAA.Sprint1.V13.csproj", "{C58A5590-900B-4D5C-AEC0-5294F7CAA152}"
EndProject
Project("{FAE04EC0-301F-11D3-BF4B-00C04F79EFBC}") = "Tyuiu.RedikultsevaAA.Sprint1.V13.Lib", "Tyuiu.RedikultsevaAA.Sprint1.V13.Lib\Tyuiu.RedikultsevaAA.Sprint1.V13.Lib.csproj", "{20C9B951-A6CC-4FCD-B58E-3C3003D84ECA}"
EndProject
Project("{FAE04EC0-301F-11D3-BF4B-00C04F79EFBC}") = "Tyuiu.RedikultsevaAA.Sprint1.V13.Test", "Tyuiu.RedikultsevaAA.Sprint1.V13.Test\Tyuiu.RedikultsevaAA.Sprint1.V13.Test.csproj", "{5C523AA6-8D7A-482E-99A9-96C892ECFEAF}"
EndProject
Global
	GlobalSection(SolutionConfigurationPlatforms) = preSolution
		Debug|Any CPU = Debug|Any CPU
		Release|Any CPU = Release|Any CPU
	EndGlobalSection
	GlobalSection(ProjectConfigurationPlatforms) = postSolution
		{C58A5590-900B-4D5C-AEC0-5294F7CAA152}.Debug|Any CPU.ActiveCfg = Debug|Any CPU
		{C58A5590-900B-4D5C-AEC0-5294F7CAA152}.Debug|Any CPU.Build.0 = Debug|Any CPU
		{C58A5590-900B-4D5C-AEC0-5294F7CAA152}.Release|Any CPU.ActiveCfg = Release|Any CPU
		{C58A5590-900B-4D5C-AEC0-5294F7CAA152}.Release|Any CPU.Build.0 = Release|Any CPU
		{20C9B951-A6CC-4FCD-B58E-3C3003D84ECA}.Debug|Any CPU.ActiveCfg = Debug|Any CPU
		{20C9B951-A6CC-4FCD-B58E-3C3003D84ECA}.Debug|Any CPU.Build.0 = Debug|Any CPU
		{20C9B951-A6CC-4FCD-B58E-3C3003D84ECA}.Release|Any CPU.ActiveCfg = Release|Any CPU
		{20C9B951-A6CC-4FCD-B58E-3C3003D84ECA}.Release|Any CPU.Build.0 = Release|Any CPU
		{5C523AA6-8D7A-482E-99A9-96C892ECFEAF}.Debug|Any CPU.ActiveCfg = Debug|Any CPU
		{5C523AA6-8D7A-482E-99A9-96C892ECFEAF}.Debug|Any CPU.Build.0 = Debug|Any CPU
		{5C523AA6-8D7A-482E-99A9-96C892ECFEAF}.Release|Any CPU.ActiveCfg = Release|Any CPU
		{5C523AA6-8D7A-482E-99A9-96C892ECFEAF}.Release|Any CPU.Build.0 = Release|Any CPU
	EndGlobalSection
	GlobalSection(SolutionProperties) = preSolution
		HideSolutionNode = FALSE
	EndGlobalSection
	GlobalSection(NestedProjects) = preSolution
		{C58A5590-900B-4D5C-AEC0-5294F7CAA152} = {D05ECFA6-78C8-437A-9208-40ACD183F96F}
		{20C9B951-A6CC-4FCD-B58E-3C3003D84ECA} = {D05ECFA6-78C8-437A-9208-40ACD183F96F}
		{5C523AA6-8D7A-482E-99A9-96C892ECFEAF} = {D05ECFA6-78C8-437A-9208-40ACD183F96F}
	EndGlobalSection
	GlobalSection(ExtensibilityGlobals) = postSolution
		SolutionGuid = {D5C796C4-1003-402A-B837-B1EB6421C1DD}
	EndGlobalSection
EndGlobal
